
Microsoft Visual Studio Solution File, Format Version 12.00
# Visual Studio 14
VisualStudioVersion = 14.0.25420.1
MinimumVisualStudioVersion = 10.0.40219.1
Project("{FAE04EC0-301F-11D3-BF4B-00C04F79EFBC}") = "DynamicMosaic", "DynamicMosaic\DynamicMosaic.csproj", "{83DDA58C-9F2E-4747-B32B-FB727C43AC71}"
EndProject
Global
	GlobalSection(SolutionConfigurationPlatforms) = preSolution
		Debug|Any CPU = Debug|Any CPU
		Release|Any CPU = Release|Any CPU
	EndGlobalSection
	GlobalSection(ProjectConfigurationPlatforms) = postSolution
		{83DDA58C-9F2E-4747-B32B-FB727C43AC71}.Debug|Any CPU.ActiveCfg = Debug|Any CPU
		{83DDA58C-9F2E-4747-B32B-FB727C43AC71}.Debug|Any CPU.Build.0 = Debug|Any CPU
		{83DDA58C-9F2E-4747-B32B-FB727C43AC71}.Release|Any CPU.ActiveCfg = Release|Any CPU
		{83DDA58C-9F2E-4747-B32B-FB727C43AC71}.Release|Any CPU.Build.0 = Release|Any CPU
	EndGlobalSection
	GlobalSection(SolutionProperties) = preSolution
		HideSolutionNode = FALSE
	EndGlobalSection
EndGlobal
